
Microsoft Visual Studio Solution File, Format Version 12.00
# Visual Studio Version 17
VisualStudioVersion = 17.7.34031.279
MinimumVisualStudioVersion = 10.0.40219.1
Project("{FAE04EC0-301F-11D3-BF4B-00C04F79EFBC}") = "MoviesAPI", "MoviesAPI\MoviesAPI.csproj", "{6F2EB0EC-2CEA-4910-90B1-6F9ECE97A62B}"
EndProject
Global
	GlobalSection(SolutionConfigurationPlatforms) = preSolution
		Debug|Any CPU = Debug|Any CPU
		Release|Any CPU = Release|Any CPU
	EndGlobalSection
	GlobalSection(ProjectConfigurationPlatforms) = postSolution
		{6F2EB0EC-2CEA-4910-90B1-6F9ECE97A62B}.Debug|Any CPU.ActiveCfg = Debug|Any CPU
		{6F2EB0EC-2CEA-4910-90B1-6F9ECE97A62B}.Debug|Any CPU.Build.0 = Debug|Any CPU
		{6F2EB0EC-2CEA-4910-90B1-6F9ECE97A62B}.Release|Any CPU.ActiveCfg = Release|Any CPU
		{6F2EB0EC-2CEA-4910-90B1-6F9ECE97A62B}.Release|Any CPU.Build.0 = Release|Any CPU
	EndGlobalSection
	GlobalSection(SolutionProperties) = preSolution
		HideSolutionNode = FALSE
	EndGlobalSection
	GlobalSection(ExtensibilityGlobals) = postSolution
		SolutionGuid = {E97B2839-8BEA-41F8-AC73-340DA3649C85}
	EndGlobalSection
EndGlobal
